
Microsoft Visual Studio Solution File, Format Version 12.00
# Visual Studio Version 16
VisualStudioVersion = 16.0.31911.196
MinimumVisualStudioVersion = 10.0.40219.1
Project("{FAE04EC0-301F-11D3-BF4B-00C04F79EFBC}") = "ConsoleApp3", "ConsoleApp3.csproj", "{F9DFB577-5975-472B-A183-C581C8F4D463}"
EndProject
Global
	GlobalSection(SolutionConfigurationPlatforms) = preSolution
		Debug|Any CPU = Debug|Any CPU
		Release|Any CPU = Release|Any CPU
	EndGlobalSection
	GlobalSection(ProjectConfigurationPlatforms) = postSolution
		{F9DFB577-5975-472B-A183-C581C8F4D463}.Debug|Any CPU.ActiveCfg = Debug|Any CPU
		{F9DFB577-5975-472B-A183-C581C8F4D463}.Debug|Any CPU.Build.0 = Debug|Any CPU
		{F9DFB577-5975-472B-A183-C581C8F4D463}.Release|Any CPU.ActiveCfg = Release|Any CPU
		{F9DFB577-5975-472B-A183-C581C8F4D463}.Release|Any CPU.Build.0 = Release|Any CPU
	EndGlobalSection
	GlobalSection(SolutionProperties) = preSolution
		HideSolutionNode = FALSE
	EndGlobalSection
	GlobalSection(ExtensibilityGlobals) = postSolution
		SolutionGuid = {B48EF2A9-D9C1-4CA4-BBE6-C5EA2966CB3E}
	EndGlobalSection
EndGlobal
